
Microsoft Visual Studio Solution File, Format Version 12.00
# Visual Studio 15
VisualStudioVersion = 15.0.28307.852
MinimumVisualStudioVersion = 10.0.40219.1
Project("{FAE04EC0-301F-11D3-BF4B-00C04F79EFBC}") = "RPSLSGame.Android", "RPSLSGame\RPSLSGame.Android\RPSLSGame.Android.csproj", "{E8FA7207-361E-467B-B98B-1B9C8C385CAC}"
EndProject
Project("{FAE04EC0-301F-11D3-BF4B-00C04F79EFBC}") = "RPSLSGame.UWP", "RPSLSGame\RPSLSGame.UWP\RPSLSGame.UWP.csproj", "{DB4FE8AB-066A-431D-99FE-3364C9F2DF80}"
EndProject
Project("{FAE04EC0-301F-11D3-BF4B-00C04F79EFBC}") = "RPSLSGame", "RPSLSGame\RPSLSGame\RPSLSGame.csproj", "{BD5FBC48-C78D-442D-9802-90F08185C921}"
EndProject
Global
	GlobalSection(SolutionConfigurationPlatforms) = preSolution
		Debug|Any CPU = Debug|Any CPU
		Debug|ARM = Debug|ARM
		Debug|x64 = Debug|x64
		Debug|x86 = Debug|x86
		Release|Any CPU = Release|Any CPU
		Release|ARM = Release|ARM
		Release|x64 = Release|x64
		Release|x86 = Release|x86
	EndGlobalSection
	GlobalSection(ProjectConfigurationPlatforms) = postSolution
		{E8FA7207-361E-467B-B98B-1B9C8C385CAC}.Debug|Any CPU.ActiveCfg = Debug|Any CPU
		{E8FA7207-361E-467B-B98B-1B9C8C385CAC}.Debug|Any CPU.Build.0 = Debug|Any CPU
		{E8FA7207-361E-467B-B98B-1B9C8C385CAC}.Debug|Any CPU.Deploy.0 = Debug|Any CPU
		{E8FA7207-361E-467B-B98B-1B9C8C385CAC}.Debug|ARM.ActiveCfg = Debug|Any CPU
		{E8FA7207-361E-467B-B98B-1B9C8C385CAC}.Debug|ARM.Build.0 = Debug|Any CPU
		{E8FA7207-361E-467B-B98B-1B9C8C385CAC}.Debug|ARM.Deploy.0 = Debug|Any CPU
		{E8FA7207-361E-467B-B98B-1B9C8C385CAC}.Debug|x64.ActiveCfg = Debug|Any CPU
		{E8FA7207-361E-467B-B98B-1B9C8C385CAC}.Debug|x64.Build.0 = Debug|Any CPU
		{E8FA7207-361E-467B-B98B-1B9C8C385CAC}.Debug|x64.Deploy.0 = Debug|Any CPU
		{E8FA7207-361E-467B-B98B-1B9C8C385CAC}.Debug|x86.ActiveCfg = Debug|Any CPU
		{E8FA7207-361E-467B-B98B-1B9C8C385CAC}.Debug|x86.Build.0 = Debug|Any CPU
		{E8FA7207-361E-467B-B98B-1B9C8C385CAC}.Debug|x86.Deploy.0 = Debug|Any CPU
		{E8FA7207-361E-467B-B98B-1B9C8C385CAC}.Release|Any CPU.ActiveCfg = Release|Any CPU
		{E8FA7207-361E-467B-B98B-1B9C8C385CAC}.Release|Any CPU.Build.0 = Release|Any CPU
		{E8FA7207-361E-467B-B98B-1B9C8C385CAC}.Release|Any CPU.Deploy.0 = Release|Any CPU
		{E8FA7207-361E-467B-B98B-1B9C8C385CAC}.Release|ARM.ActiveCfg = Release|Any CPU
		{E8FA7207-361E-467B-B98B-1B9C8C385CAC}.Release|ARM.Build.0 = Release|Any CPU
		{E8FA7207-361E-467B-B98B-1B9C8C385CAC}.Release|ARM.Deploy.0 = Release|Any CPU
		{E8FA7207-361E-467B-B98B-1B9C8C385CAC}.Release|x64.ActiveCfg = Release|Any CPU
		{E8FA7207-361E-467B-B98B-1B9C8C385CAC}.Release|x64.Build.0 = Release|Any CPU
		{E8FA7207-361E-467B-B98B-1B9C8C385CAC}.Release|x64.Deploy.0 = Release|Any CPU
		{E8FA7207-361E-467B-B98B-1B9C8C385CAC}.Release|x86.ActiveCfg = Release|Any CPU
		{E8FA7207-361E-467B-B98B-1B9C8C385CAC}.Release|x86.Build.0 = Release|Any CPU
		{E8FA7207-361E-467B-B98B-1B9C8C385CAC}.Release|x86.Deploy.0 = Release|Any CPU
		{DB4FE8AB-066A-431D-99FE-3364C9F2DF80}.Debug|Any CPU.ActiveCfg = Debug|x86
		{DB4FE8AB-066A-431D-99FE-3364C9F2DF80}.Debug|Any CPU.Build.0 = Debug|x86
		{DB4FE8AB-066A-431D-99FE-3364C9F2DF80}.Debug|Any CPU.Deploy.0 = Debug|x86
		{DB4FE8AB-066A-431D-99FE-3364C9F2DF80}.Debug|ARM.ActiveCfg = Debug|ARM
		{DB4FE8AB-066A-431D-99FE-3364C9F2DF80}.Debug|ARM.Build.0 = Debug|ARM
		{DB4FE8AB-066A-431D-99FE-3364C9F2DF80}.Debug|ARM.Deploy.0 = Debug|ARM
		{DB4FE8AB-066A-431D-99FE-3364C9F2DF80}.Debug|x64.ActiveCfg = Debug|x64
		{DB4FE8AB-066A-431D-99FE-3364C9F2DF80}.Debug|x64.Build.0 = Debug|x64
		{DB4FE8AB-066A-431D-99FE-3364C9F2DF80}.Debug|x64.Deploy.0 = Debug|x64
		{DB4FE8AB-066A-431D-99FE-3364C9F2DF80}.Debug|x86.ActiveCfg = Debug|x86
		{DB4FE8AB-066A-431D-99FE-3364C9F2DF80}.Debug|x86.Build.0 = Debug|x86
		{DB4FE8AB-066A-431D-99FE-3364C9F2DF80}.Debug|x86.Deploy.0 = Debug|x86
		{DB4FE8AB-066A-431D-99FE-3364C9F2DF80}.Release|Any CPU.ActiveCfg = Release|x86
		{DB4FE8AB-066A-431D-99FE-3364C9F2DF80}.Release|Any CPU.Build.0 = Release|x86
		{DB4FE8AB-066A-431D-99FE-3364C9F2DF80}.Release|Any CPU.Deploy.0 = Release|x86
		{DB4FE8AB-066A-431D-99FE-3364C9F2DF80}.Release|ARM.ActiveCfg = Release|ARM
		{DB4FE8AB-066A-431D-99FE-3364C9F2DF80}.Release|ARM.Build.0 = Release|ARM
		{DB4FE8AB-066A-431D-99FE-3364C9F2DF80}.Release|ARM.Deploy.0 = Release|ARM
		{DB4FE8AB-066A-431D-99FE-3364C9F2DF80}.Release|x64.ActiveCfg = Release|x64
		{DB4FE8AB-066A-431D-99FE-3364C9F2DF80}.Release|x64.Build.0 = Release|x64
		{DB4FE8AB-066A-431D-99FE-3364C9F2DF80}.Release|x64.Deploy.0 = Release|x64
		{DB4FE8AB-066A-431D-99FE-3364C9F2DF80}.Release|x86.ActiveCfg = Release|x86
		{DB4FE8AB-066A-431D-99FE-3364C9F2DF80}.Release|x86.Build.0 = Release|x86
		{DB4FE8AB-066A-431D-99FE-3364C9F2DF80}.Release|x86.Deploy.0 = Release|x86
		{BD5FBC48-C78D-442D-9802-90F08185C921}.Debug|Any CPU.ActiveCfg = Debug|Any CPU
		{BD5FBC48-C78D-442D-9802-90F08185C921}.Debug|Any CPU.Build.0 = Debug|Any CPU
		{BD5FBC48-C78D-442D-9802-90F08185C921}.Debug|Any CPU.Deploy.0 = Debug|Any CPU
		{BD5FBC48-C78D-442D-9802-90F08185C921}.Debug|ARM.ActiveCfg = Debug|Any CPU
		{BD5FBC48-C78D-442D-9802-90F08185C921}.Debug|ARM.Build.0 = Debug|Any CPU
		{BD5FBC48-C78D-442D-9802-90F08185C921}.Debug|ARM.Deploy.0 = Debug|Any CPU
		{BD5FBC48-C78D-442D-9802-90F08185C921}.Debug|x64.ActiveCfg = Debug|Any CPU
		{BD5FBC48-C78D-442D-9802-90F08185C921}.Debug|x64.Build.0 = Debug|Any CPU
		{BD5FBC48-C78D-442D-9802-90F08185C921}.Debug|x64.Deploy.0 = Debug|Any CPU
		{BD5FBC48-C78D-442D-9802-90F08185C921}.Debug|x86.ActiveCfg = Debug|Any CPU
		{BD5FBC48-C78D-442D-9802-90F08185C921}.Debug|x86.Build.0 = Debug|Any CPU
		{BD5FBC48-C78D-442D-9802-90F08185C921}.Debug|x86.Deploy.0 = Debug|Any CPU
		{BD5FBC48-C78D-442D-9802-90F08185C921}.Release|Any CPU.ActiveCfg = Release|Any CPU
		{BD5FBC48-C78D-442D-9802-90F08185C921}.Release|Any CPU.Build.0 = Release|Any CPU
		{BD5FBC48-C78D-442D-9802-90F08185C921}.Release|Any CPU.Deploy.0 = Release|Any CPU
		{BD5FBC48-C78D-442D-9802-90F08185C921}.Release|ARM.ActiveCfg = Release|Any CPU
		{BD5FBC48-C78D-442D-9802-90F08185C921}.Release|ARM.Build.0 = Release|Any CPU
		{BD5FBC48-C78D-442D-9802-90F08185C921}.Release|ARM.Deploy.0 = Release|Any CPU
		{BD5FBC48-C78D-442D-9802-90F08185C921}.Release|x64.ActiveCfg = Release|Any CPU
		{BD5FBC48-C78D-442D-9802-90F08185C921}.Release|x64.Build.0 = Release|Any CPU
		{BD5FBC48-C78D-442D-9802-90F08185C921}.Release|x64.Deploy.0 = Release|Any CPU
		{BD5FBC48-C78D-442D-9802-90F08185C921}.Release|x86.ActiveCfg = Release|Any CPU
		{BD5FBC48-C78D-442D-9802-90F08185C921}.Release|x86.Build.0 = Release|Any CPU
		{BD5FBC48-C78D-442D-9802-90F08185C921}.Release|x86.Deploy.0 = Release|Any CPU
	EndGlobalSection
	GlobalSection(SolutionProperties) = preSolution
		HideSolutionNode = FALSE
	EndGlobalSection
	GlobalSection(ExtensibilityGlobals) = postSolution
		SolutionGuid = {E6DDA2AE-5938-4AD4-9E79-D936F148F6F6}
	EndGlobalSection
EndGlobal
