
Microsoft Visual Studio Solution File, Format Version 12.00
# Visual Studio 15
VisualStudioVersion = 15.0.28307.852
MinimumVisualStudioVersion = 10.0.40219.1
Project("{FAE04EC0-301F-11D3-BF4B-00C04F79EFBC}") = "RPSLSGame.Android", "RPSLSGame\RPSLSGame.Android\RPSLSGame.Android.csproj", "{B3F0DF7E-970B-43F8-B7A6-34BABB7CB6C2}"
EndProject
Project("{FAE04EC0-301F-11D3-BF4B-00C04F79EFBC}") = "RPSLSGame.UWP", "RPSLSGame\RPSLSGame.UWP\RPSLSGame.UWP.csproj", "{EA2E3AA3-E711-4C55-9ECA-3E43E3D26EE2}"
EndProject
Project("{FAE04EC0-301F-11D3-BF4B-00C04F79EFBC}") = "RPSLSGame", "RPSLSGame\RPSLSGame\RPSLSGame.csproj", "{629D20C0-1D28-4868-8B09-E50723CA6FA7}"
EndProject
Global
	GlobalSection(SolutionConfigurationPlatforms) = preSolution
		Debug|Any CPU = Debug|Any CPU
		Debug|ARM = Debug|ARM
		Debug|x64 = Debug|x64
		Debug|x86 = Debug|x86
		Release|Any CPU = Release|Any CPU
		Release|ARM = Release|ARM
		Release|x64 = Release|x64
		Release|x86 = Release|x86
	EndGlobalSection
	GlobalSection(ProjectConfigurationPlatforms) = postSolution
		{B3F0DF7E-970B-43F8-B7A6-34BABB7CB6C2}.Debug|Any CPU.ActiveCfg = Debug|Any CPU
		{B3F0DF7E-970B-43F8-B7A6-34BABB7CB6C2}.Debug|Any CPU.Build.0 = Debug|Any CPU
		{B3F0DF7E-970B-43F8-B7A6-34BABB7CB6C2}.Debug|Any CPU.Deploy.0 = Debug|Any CPU
		{B3F0DF7E-970B-43F8-B7A6-34BABB7CB6C2}.Debug|ARM.ActiveCfg = Debug|Any CPU
		{B3F0DF7E-970B-43F8-B7A6-34BABB7CB6C2}.Debug|ARM.Build.0 = Debug|Any CPU
		{B3F0DF7E-970B-43F8-B7A6-34BABB7CB6C2}.Debug|ARM.Deploy.0 = Debug|Any CPU
		{B3F0DF7E-970B-43F8-B7A6-34BABB7CB6C2}.Debug|x64.ActiveCfg = Debug|Any CPU
		{B3F0DF7E-970B-43F8-B7A6-34BABB7CB6C2}.Debug|x64.Build.0 = Debug|Any CPU
		{B3F0DF7E-970B-43F8-B7A6-34BABB7CB6C2}.Debug|x64.Deploy.0 = Debug|Any CPU
		{B3F0DF7E-970B-43F8-B7A6-34BABB7CB6C2}.Debug|x86.ActiveCfg = Debug|Any CPU
		{B3F0DF7E-970B-43F8-B7A6-34BABB7CB6C2}.Debug|x86.Build.0 = Debug|Any CPU
		{B3F0DF7E-970B-43F8-B7A6-34BABB7CB6C2}.Debug|x86.Deploy.0 = Debug|Any CPU
		{B3F0DF7E-970B-43F8-B7A6-34BABB7CB6C2}.Release|Any CPU.ActiveCfg = Release|Any CPU
		{B3F0DF7E-970B-43F8-B7A6-34BABB7CB6C2}.Release|Any CPU.Build.0 = Release|Any CPU
		{B3F0DF7E-970B-43F8-B7A6-34BABB7CB6C2}.Release|Any CPU.Deploy.0 = Release|Any CPU
		{B3F0DF7E-970B-43F8-B7A6-34BABB7CB6C2}.Release|ARM.ActiveCfg = Release|Any CPU
		{B3F0DF7E-970B-43F8-B7A6-34BABB7CB6C2}.Release|ARM.Build.0 = Release|Any CPU
		{B3F0DF7E-970B-43F8-B7A6-34BABB7CB6C2}.Release|ARM.Deploy.0 = Release|Any CPU
		{B3F0DF7E-970B-43F8-B7A6-34BABB7CB6C2}.Release|x64.ActiveCfg = Release|Any CPU
		{B3F0DF7E-970B-43F8-B7A6-34BABB7CB6C2}.Release|x64.Build.0 = Release|Any CPU
		{B3F0DF7E-970B-43F8-B7A6-34BABB7CB6C2}.Release|x64.Deploy.0 = Release|Any CPU
		{B3F0DF7E-970B-43F8-B7A6-34BABB7CB6C2}.Release|x86.ActiveCfg = Release|Any CPU
		{B3F0DF7E-970B-43F8-B7A6-34BABB7CB6C2}.Release|x86.Build.0 = Release|Any CPU
		{B3F0DF7E-970B-43F8-B7A6-34BABB7CB6C2}.Release|x86.Deploy.0 = Release|Any CPU
		{EA2E3AA3-E711-4C55-9ECA-3E43E3D26EE2}.Debug|Any CPU.ActiveCfg = Debug|x86
		{EA2E3AA3-E711-4C55-9ECA-3E43E3D26EE2}.Debug|Any CPU.Build.0 = Debug|x86
		{EA2E3AA3-E711-4C55-9ECA-3E43E3D26EE2}.Debug|Any CPU.Deploy.0 = Debug|x86
		{EA2E3AA3-E711-4C55-9ECA-3E43E3D26EE2}.Debug|ARM.ActiveCfg = Debug|ARM
		{EA2E3AA3-E711-4C55-9ECA-3E43E3D26EE2}.Debug|ARM.Build.0 = Debug|ARM
		{EA2E3AA3-E711-4C55-9ECA-3E43E3D26EE2}.Debug|ARM.Deploy.0 = Debug|ARM
		{EA2E3AA3-E711-4C55-9ECA-3E43E3D26EE2}.Debug|x64.ActiveCfg = Debug|x64
		{EA2E3AA3-E711-4C55-9ECA-3E43E3D26EE2}.Debug|x64.Build.0 = Debug|x64
		{EA2E3AA3-E711-4C55-9ECA-3E43E3D26EE2}.Debug|x64.Deploy.0 = Debug|x64
		{EA2E3AA3-E711-4C55-9ECA-3E43E3D26EE2}.Debug|x86.ActiveCfg = Debug|x86
		{EA2E3AA3-E711-4C55-9ECA-3E43E3D26EE2}.Debug|x86.Build.0 = Debug|x86
		{EA2E3AA3-E711-4C55-9ECA-3E43E3D26EE2}.Debug|x86.Deploy.0 = Debug|x86
		{EA2E3AA3-E711-4C55-9ECA-3E43E3D26EE2}.Release|Any CPU.ActiveCfg = Release|x86
		{EA2E3AA3-E711-4C55-9ECA-3E43E3D26EE2}.Release|Any CPU.Build.0 = Release|x86
		{EA2E3AA3-E711-4C55-9ECA-3E43E3D26EE2}.Release|Any CPU.Deploy.0 = Release|x86
		{EA2E3AA3-E711-4C55-9ECA-3E43E3D26EE2}.Release|ARM.ActiveCfg = Release|ARM
		{EA2E3AA3-E711-4C55-9ECA-3E43E3D26EE2}.Release|ARM.Build.0 = Release|ARM
		{EA2E3AA3-E711-4C55-9ECA-3E43E3D26EE2}.Release|ARM.Deploy.0 = Release|ARM
		{EA2E3AA3-E711-4C55-9ECA-3E43E3D26EE2}.Release|x64.ActiveCfg = Release|x64
		{EA2E3AA3-E711-4C55-9ECA-3E43E3D26EE2}.Release|x64.Build.0 = Release|x64
		{EA2E3AA3-E711-4C55-9ECA-3E43E3D26EE2}.Release|x64.Deploy.0 = Release|x64
		{EA2E3AA3-E711-4C55-9ECA-3E43E3D26EE2}.Release|x86.ActiveCfg = Release|x86
		{EA2E3AA3-E711-4C55-9ECA-3E43E3D26EE2}.Release|x86.Build.0 = Release|x86
		{EA2E3AA3-E711-4C55-9ECA-3E43E3D26EE2}.Release|x86.Deploy.0 = Release|x86
		{629D20C0-1D28-4868-8B09-E50723CA6FA7}.Debug|Any CPU.ActiveCfg = Debug|Any CPU
		{629D20C0-1D28-4868-8B09-E50723CA6FA7}.Debug|Any CPU.Build.0 = Debug|Any CPU
		{629D20C0-1D28-4868-8B09-E50723CA6FA7}.Debug|Any CPU.Deploy.0 = Debug|Any CPU
		{629D20C0-1D28-4868-8B09-E50723CA6FA7}.Debug|ARM.ActiveCfg = Debug|Any CPU
		{629D20C0-1D28-4868-8B09-E50723CA6FA7}.Debug|ARM.Build.0 = Debug|Any CPU
		{629D20C0-1D28-4868-8B09-E50723CA6FA7}.Debug|ARM.Deploy.0 = Debug|Any CPU
		{629D20C0-1D28-4868-8B09-E50723CA6FA7}.Debug|x64.ActiveCfg = Debug|Any CPU
		{629D20C0-1D28-4868-8B09-E50723CA6FA7}.Debug|x64.Build.0 = Debug|Any CPU
		{629D20C0-1D28-4868-8B09-E50723CA6FA7}.Debug|x64.Deploy.0 = Debug|Any CPU
		{629D20C0-1D28-4868-8B09-E50723CA6FA7}.Debug|x86.ActiveCfg = Debug|Any CPU
		{629D20C0-1D28-4868-8B09-E50723CA6FA7}.Debug|x86.Build.0 = Debug|Any CPU
		{629D20C0-1D28-4868-8B09-E50723CA6FA7}.Debug|x86.Deploy.0 = Debug|Any CPU
		{629D20C0-1D28-4868-8B09-E50723CA6FA7}.Release|Any CPU.ActiveCfg = Release|Any CPU
		{629D20C0-1D28-4868-8B09-E50723CA6FA7}.Release|Any CPU.Build.0 = Release|Any CPU
		{629D20C0-1D28-4868-8B09-E50723CA6FA7}.Release|Any CPU.Deploy.0 = Release|Any CPU
		{629D20C0-1D28-4868-8B09-E50723CA6FA7}.Release|ARM.ActiveCfg = Release|Any CPU
		{629D20C0-1D28-4868-8B09-E50723CA6FA7}.Release|ARM.Build.0 = Release|Any CPU
		{629D20C0-1D28-4868-8B09-E50723CA6FA7}.Release|ARM.Deploy.0 = Release|Any CPU
		{629D20C0-1D28-4868-8B09-E50723CA6FA7}.Release|x64.ActiveCfg = Release|Any CPU
		{629D20C0-1D28-4868-8B09-E50723CA6FA7}.Release|x64.Build.0 = Release|Any CPU
		{629D20C0-1D28-4868-8B09-E50723CA6FA7}.Release|x64.Deploy.0 = Release|Any CPU
		{629D20C0-1D28-4868-8B09-E50723CA6FA7}.Release|x86.ActiveCfg = Release|Any CPU
		{629D20C0-1D28-4868-8B09-E50723CA6FA7}.Release|x86.Build.0 = Release|Any CPU
		{629D20C0-1D28-4868-8B09-E50723CA6FA7}.Release|x86.Deploy.0 = Release|Any CPU
	EndGlobalSection
	GlobalSection(SolutionProperties) = preSolution
		HideSolutionNode = FALSE
	EndGlobalSection
	GlobalSection(ExtensibilityGlobals) = postSolution
		SolutionGuid = {821783E0-BB69-4547-8982-B8411992D319}
	EndGlobalSection
EndGlobal
